
Microsoft Visual Studio Solution File, Format Version 12.00
# Visual Studio Version 17
VisualStudioVersion = 17.10.35004.147
MinimumVisualStudioVersion = 10.0.40219.1
Project("{FAE04EC0-301F-11D3-BF4B-00C04F79EFBC}") = "SipkovyTurnaj4", "SipkovyTurnaj4.csproj", "{ED0B85DB-F497-4194-9B8D-700A28A66BDA}"
EndProject
Global
	GlobalSection(SolutionConfigurationPlatforms) = preSolution
		Debug|Any CPU = Debug|Any CPU
		Release|Any CPU = Release|Any CPU
	EndGlobalSection
	GlobalSection(ProjectConfigurationPlatforms) = postSolution
		{ED0B85DB-F497-4194-9B8D-700A28A66BDA}.Debug|Any CPU.ActiveCfg = Debug|Any CPU
		{ED0B85DB-F497-4194-9B8D-700A28A66BDA}.Debug|Any CPU.Build.0 = Debug|Any CPU
		{ED0B85DB-F497-4194-9B8D-700A28A66BDA}.Release|Any CPU.ActiveCfg = Release|Any CPU
		{ED0B85DB-F497-4194-9B8D-700A28A66BDA}.Release|Any CPU.Build.0 = Release|Any CPU
	EndGlobalSection
	GlobalSection(SolutionProperties) = preSolution
		HideSolutionNode = FALSE
	EndGlobalSection
	GlobalSection(ExtensibilityGlobals) = postSolution
		SolutionGuid = {C5419750-96CD-45EA-861C-F6EF13B6F1B6}
	EndGlobalSection
EndGlobal
